// !$*UTF8*$!
{
	archiveVersion = 1;
	classes = {
	};
	objectVersion = 56;
	objects = {

/* Begin PBXBuildFile section */
		D72269DE2BA4BD7300E152D3 /* wat_springApp.swift in Sources */ = {isa = PBXBuildFile; fileRef = D72269DD2BA4BD7300E152D3 /* wat_springApp.swift */; };
		D72269E22BA4BD7400E152D3 /* Assets.xcassets in Resources */ = {isa = PBXBuildFile; fileRef = D72269E12BA4BD7400E152D3 /* Assets.xcassets */; };
		D72269E52BA4BD7400E152D3 /* Preview Assets.xcassets in Resources */ = {isa = PBXBuildFile; fileRef = D72269E42BA4BD7400E152D3 /* Preview Assets.xcassets */; };
		D72269F02BA4BD7400E152D3 /* wat_springTests.swift in Sources */ = {isa = PBXBuildFile; fileRef = D72269EF2BA4BD7400E152D3 /* wat_springTests.swift */; };
		D72269FA2BA4BD7400E152D3 /* wat_springUITests.swift in Sources */ = {isa = PBXBuildFile; fileRef = D72269F92BA4BD7400E152D3 /* wat_springUITests.swift */; };
		D72269FC2BA4BD7400E152D3 /* wat_springUITestsLaunchTests.swift in Sources */ = {isa = PBXBuildFile; fileRef = D72269FB2BA4BD7400E152D3 /* wat_springUITestsLaunchTests.swift */; };
		D7560E2B2BABFE94000C5302 /* ContentView.swift in Sources */ = {isa = PBXBuildFile; fileRef = D72269DF2BA4BD7300E152D3 /* ContentView.swift */; };
		D773A01A2BABF86B003B416D /* WidgetKit.framework in Frameworks */ = {isa = PBXBuildFile; fileRef = D773A0192BABF86B003B416D /* WidgetKit.framework */; };
		D773A01C2BABF86B003B416D /* SwiftUI.framework in Frameworks */ = {isa = PBXBuildFile; fileRef = D773A01B2BABF86B003B416D /* SwiftUI.framework */; };
		D773A01F2BABF86B003B416D /* widgetBundle.swift in Sources */ = {isa = PBXBuildFile; fileRef = D773A01E2BABF86B003B416D /* widgetBundle.swift */; };
		D773A0232BABF86B003B416D /* AppIntent.swift in Sources */ = {isa = PBXBuildFile; fileRef = D773A0222BABF86B003B416D /* AppIntent.swift */; };
		D773A0252BABF86C003B416D /* Assets.xcassets in Resources */ = {isa = PBXBuildFile; fileRef = D773A0242BABF86C003B416D /* Assets.xcassets */; };
		D773A02F2BABFB13003B416D /* widget.swift in Sources */ = {isa = PBXBuildFile; fileRef = D773A0202BABF86B003B416D /* widget.swift */; };
		D78F68132BC769D200B2CF10 /* widgetExtension.appex in Embed Foundation Extensions */ = {isa = PBXBuildFile; fileRef = D773A0172BABF86B003B416D /* widgetExtension.appex */; settings = {ATTRIBUTES = (RemoveHeadersOnCopy, ); }; };
		D79838892BA4FDE3005C7F9C /* AppDelegate.swift in Sources */ = {isa = PBXBuildFile; fileRef = D79838882BA4FDE3005C7F9C /* AppDelegate.swift */; };
/* End PBXBuildFile section */

/* Begin PBXContainerItemProxy section */
		D72269EC2BA4BD7400E152D3 /* PBXContainerItemProxy */ = {
			isa = PBXContainerItemProxy;
			containerPortal = D72269D22BA4BD7300E152D3 /* Project object */;
			proxyType = 1;
			remoteGlobalIDString = D72269D92BA4BD7300E152D3;
			remoteInfo = "wat spring";
		};
		D72269F62BA4BD7400E152D3 /* PBXContainerItemProxy */ = {
			isa = PBXContainerItemProxy;
			containerPortal = D72269D22BA4BD7300E152D3 /* Project object */;
			proxyType = 1;
			remoteGlobalIDString = D72269D92BA4BD7300E152D3;
			remoteInfo = "wat spring";
		};
		D773A0282BABF86C003B416D /* PBXContainerItemProxy */ = {
			isa = PBXContainerItemProxy;
			containerPortal = D72269D22BA4BD7300E152D3 /* Project object */;
			proxyType = 1;
			remoteGlobalIDString = D773A0162BABF86B003B416D;
			remoteInfo = widgetExtension;
		};
/* End PBXContainerItemProxy section */

/* Begin PBXCopyFilesBuildPhase section */
		D773A02A2BABF86C003B416D /* Embed Foundation Extensions */ = {
			isa = PBXCopyFilesBuildPhase;
			buildActionMask = 12;
			dstPath = "";
			dstSubfolderSpec = 13;
			files = (
				D78F68132BC769D200B2CF10 /* widgetExtension.appex in Embed Foundation Extensions */,
			);
			name = "Embed Foundation Extensions";
			runOnlyForDeploymentPostprocessing = 0;
		};
/* End PBXCopyFilesBuildPhase section */

/* Begin PBXFileReference section */
		D72269DA2BA4BD7300E152D3 /* wat spring.app */ = {isa = PBXFileReference; explicitFileType = wrapper.application; includeInIndex = 0; path = "wat spring.app"; sourceTree = BUILT_PRODUCTS_DIR; };
		D72269DD2BA4BD7300E152D3 /* wat_springApp.swift */ = {isa = PBXFileReference; lastKnownFileType = sourcecode.swift; path = wat_springApp.swift; sourceTree = "<group>"; };
		D72269DF2BA4BD7300E152D3 /* ContentView.swift */ = {isa = PBXFileReference; lastKnownFileType = sourcecode.swift; path = ContentView.swift; sourceTree = "<group>"; };
		D72269E12BA4BD7400E152D3 /* Assets.xcassets */ = {isa = PBXFileReference; lastKnownFileType = folder.assetcatalog; path = Assets.xcassets; sourceTree = "<group>"; };
		D72269E42BA4BD7400E152D3 /* Preview Assets.xcassets */ = {isa = PBXFileReference; lastKnownFileType = folder.assetcatalog; path = "Preview Assets.xcassets"; sourceTree = "<group>"; };
		D72269E62BA4BD7400E152D3 /* wat_spring.entitlements */ = {isa = PBXFileReference; lastKnownFileType = text.plist.entitlements; path = wat_spring.entitlements; sourceTree = "<group>"; };
		D72269EB2BA4BD7400E152D3 /* wat springTests.xctest */ = {isa = PBXFileReference; explicitFileType = wrapper.cfbundle; includeInIndex = 0; path = "wat springTests.xctest"; sourceTree = BUILT_PRODUCTS_DIR; };
		D72269EF2BA4BD7400E152D3 /* wat_springTests.swift */ = {isa = PBXFileReference; lastKnownFileType = sourcecode.swift; path = wat_springTests.swift; sourceTree = "<group>"; };
		D72269F52BA4BD7400E152D3 /* wat springUITests.xctest */ = {isa = PBXFileReference; explicitFileType = wrapper.cfbundle; includeInIndex = 0; path = "wat springUITests.xctest"; sourceTree = BUILT_PRODUCTS_DIR; };
		D72269F92BA4BD7400E152D3 /* wat_springUITests.swift */ = {isa = PBXFileReference; lastKnownFileType = sourcecode.swift; path = wat_springUITests.swift; sourceTree = "<group>"; };
		D72269FB2BA4BD7400E152D3 /* wat_springUITestsLaunchTests.swift */ = {isa = PBXFileReference; lastKnownFileType = sourcecode.swift; path = wat_springUITestsLaunchTests.swift; sourceTree = "<group>"; };
		D773A0172BABF86B003B416D /* widgetExtension.appex */ = {isa = PBXFileReference; explicitFileType = "wrapper.app-extension"; includeInIndex = 0; path = widgetExtension.appex; sourceTree = BUILT_PRODUCTS_DIR; };
		D773A0192BABF86B003B416D /* WidgetKit.framework */ = {isa = PBXFileReference; lastKnownFileType = wrapper.framework; name = WidgetKit.framework; path = System/Library/Frameworks/WidgetKit.framework; sourceTree = SDKROOT; };
		D773A01B2BABF86B003B416D /* SwiftUI.framework */ = {isa = PBXFileReference; lastKnownFileType = wrapper.framework; name = SwiftUI.framework; path = System/Library/Frameworks/SwiftUI.framework; sourceTree = SDKROOT; };
		D773A01E2BABF86B003B416D /* widgetBundle.swift */ = {isa = PBXFileReference; lastKnownFileType = sourcecode.swift; path = widgetBundle.swift; sourceTree = "<group>"; };
		D773A0202BABF86B003B416D /* widget.swift */ = {isa = PBXFileReference; lastKnownFileType = sourcecode.swift; path = widget.swift; sourceTree = "<group>"; };
		D773A0222BABF86B003B416D /* AppIntent.swift */ = {isa = PBXFileReference; lastKnownFileType = sourcecode.swift; path = AppIntent.swift; sourceTree = "<group>"; };
		D773A0242BABF86C003B416D /* Assets.xcassets */ = {isa = PBXFileReference; lastKnownFileType = folder.assetcatalog; path = Assets.xcassets; sourceTree = "<group>"; };
		D773A0262BABF86C003B416D /* Info.plist */ = {isa = PBXFileReference; lastKnownFileType = text.plist.xml; path = Info.plist; sourceTree = "<group>"; };
		D773A0272BABF86C003B416D /* widget.entitlements */ = {isa = PBXFileReference; lastKnownFileType = text.plist.entitlements; path = widget.entitlements; sourceTree = "<group>"; };
		D79838882BA4FDE3005C7F9C /* AppDelegate.swift */ = {isa = PBXFileReference; lastKnownFileType = sourcecode.swift; path = AppDelegate.swift; sourceTree = "<group>"; };
/* End PBXFileReference section */

/* Begin PBXFrameworksBuildPhase section */
		D72269D72BA4BD7300E152D3 /* Frameworks */ = {
			isa = PBXFrameworksBuildPhase;
			buildActionMask = 2147483647;
			files = (
			);
			runOnlyForDeploymentPostprocessing = 0;
		};
		D72269E82BA4BD7400E152D3 /* Frameworks */ = {
			isa = PBXFrameworksBuildPhase;
			buildActionMask = 2147483647;
			files = (
			);
			runOnlyForDeploymentPostprocessing = 0;
		};
		D72269F22BA4BD7400E152D3 /* Frameworks */ = {
			isa = PBXFrameworksBuildPhase;
			buildActionMask = 2147483647;
			files = (
			);
			runOnlyForDeploymentPostprocessing = 0;
		};
		D773A0142BABF86B003B416D /* Frameworks */ = {
			isa = PBXFrameworksBuildPhase;
			buildActionMask = 2147483647;
			files = (
				D773A01C2BABF86B003B416D /* SwiftUI.framework in Frameworks */,
				D773A01A2BABF86B003B416D /* WidgetKit.framework in Frameworks */,
			);
			runOnlyForDeploymentPostprocessing = 0;
		};
/* End PBXFrameworksBuildPhase section */

/* Begin PBXGroup section */
		D72269D12BA4BD7300E152D3 = {
			isa = PBXGroup;
			children = (
				D72269DC2BA4BD7300E152D3 /* wat spring */,
				D72269EE2BA4BD7400E152D3 /* wat springTests */,
				D72269F82BA4BD7400E152D3 /* wat springUITests */,
				D773A01D2BABF86B003B416D /* widget */,
				D773A0182BABF86B003B416D /* Frameworks */,
				D72269DB2BA4BD7300E152D3 /* Products */,
			);
			sourceTree = "<group>";
		};
		D72269DB2BA4BD7300E152D3 /* Products */ = {
			isa = PBXGroup;
			children = (
				D72269DA2BA4BD7300E152D3 /* wat spring.app */,
				D72269EB2BA4BD7400E152D3 /* wat springTests.xctest */,
				D72269F52BA4BD7400E152D3 /* wat springUITests.xctest */,
				D773A0172BABF86B003B416D /* widgetExtension.appex */,
			);
			name = Products;
			sourceTree = "<group>";
		};
		D72269DC2BA4BD7300E152D3 /* wat spring */ = {
			isa = PBXGroup;
			children = (
				D72269DD2BA4BD7300E152D3 /* wat_springApp.swift */,
				D72269DF2BA4BD7300E152D3 /* ContentView.swift */,
				D72269E12BA4BD7400E152D3 /* Assets.xcassets */,
				D72269E62BA4BD7400E152D3 /* wat_spring.entitlements */,
				D72269E32BA4BD7400E152D3 /* Preview Content */,
				D79838882BA4FDE3005C7F9C /* AppDelegate.swift */,
			);
			path = "wat spring";
			sourceTree = "<group>";
		};
		D72269E32BA4BD7400E152D3 /* Preview Content */ = {
			isa = PBXGroup;
			children = (
				D72269E42BA4BD7400E152D3 /* Preview Assets.xcassets */,
			);
			path = "Preview Content";
			sourceTree = "<group>";
		};
		D72269EE2BA4BD7400E152D3 /* wat springTests */ = {
			isa = PBXGroup;
			children = (
				D72269EF2BA4BD7400E152D3 /* wat_springTests.swift */,
			);
			path = "wat springTests";
			sourceTree = "<group>";
		};
		D72269F82BA4BD7400E152D3 /* wat springUITests */ = {
			isa = PBXGroup;
			children = (
				D72269F92BA4BD7400E152D3 /* wat_springUITests.swift */,
				D72269FB2BA4BD7400E152D3 /* wat_springUITestsLaunchTests.swift */,
			);
			path = "wat springUITests";
			sourceTree = "<group>";
		};
		D773A0182BABF86B003B416D /* Frameworks */ = {
			isa = PBXGroup;
			children = (
				D773A0192BABF86B003B416D /* WidgetKit.framework */,
				D773A01B2BABF86B003B416D /* SwiftUI.framework */,
			);
			name = Frameworks;
			sourceTree = "<group>";
		};
		D773A01D2BABF86B003B416D /* widget */ = {
			isa = PBXGroup;
			children = (
				D773A01E2BABF86B003B416D /* widgetBundle.swift */,
				D773A0202BABF86B003B416D /* widget.swift */,
				D773A0222BABF86B003B416D /* AppIntent.swift */,
				D773A0242BABF86C003B416D /* Assets.xcassets */,
				D773A0262BABF86C003B416D /* Info.plist */,
				D773A0272BABF86C003B416D /* widget.entitlements */,
			);
			path = widget;
			sourceTree = "<group>";
		};
/* End PBXGroup section */

/* Begin PBXNativeTarget section */
		D72269D92BA4BD7300E152D3 /* wat spring */ = {
			isa = PBXNativeTarget;
			buildConfigurationList = D72269FF2BA4BD7400E152D3 /* Build configuration list for PBXNativeTarget "wat spring" */;
			buildPhases = (
				D72269D62BA4BD7300E152D3 /* Sources */,
				D72269D72BA4BD7300E152D3 /* Frameworks */,
				D72269D82BA4BD7300E152D3 /* Resources */,
				D773A02A2BABF86C003B416D /* Embed Foundation Extensions */,
			);
			buildRules = (
			);
			dependencies = (
				D773A0292BABF86C003B416D /* PBXTargetDependency */,
			);
			name = "wat spring";
			productName = "wat spring";
			productReference = D72269DA2BA4BD7300E152D3 /* wat spring.app */;
			productType = "com.apple.product-type.application";
		};
		D72269EA2BA4BD7400E152D3 /* wat springTests */ = {
			isa = PBXNativeTarget;
			buildConfigurationList = D7226A022BA4BD7400E152D3 /* Build configuration list for PBXNativeTarget "wat springTests" */;
			buildPhases = (
				D72269E72BA4BD7400E152D3 /* Sources */,
				D72269E82BA4BD7400E152D3 /* Frameworks */,
				D72269E92BA4BD7400E152D3 /* Resources */,
			);
			buildRules = (
			);
			dependencies = (
				D72269ED2BA4BD7400E152D3 /* PBXTargetDependency */,
			);
			name = "wat springTests";
			productName = "wat springTests";
			productReference = D72269EB2BA4BD7400E152D3 /* wat springTests.xctest */;
			productType = "com.apple.product-type.bundle.unit-test";
		};
		D72269F42BA4BD7400E152D3 /* wat springUITests */ = {
			isa = PBXNativeTarget;
			buildConfigurationList = D7226A052BA4BD7400E152D3 /* Build configuration list for PBXNativeTarget "wat springUITests" */;
			buildPhases = (
				D72269F12BA4BD7400E152D3 /* Sources */,
				D72269F22BA4BD7400E152D3 /* Frameworks */,
				D72269F32BA4BD7400E152D3 /* Resources */,
			);
			buildRules = (
			);
			dependencies = (
				D72269F72BA4BD7400E152D3 /* PBXTargetDependency */,
			);
			name = "wat springUITests";
			productName = "wat springUITests";
			productReference = D72269F52BA4BD7400E152D3 /* wat springUITests.xctest */;
			productType = "com.apple.product-type.bundle.ui-testing";
		};
		D773A0162BABF86B003B416D /* widgetExtension */ = {
			isa = PBXNativeTarget;
			buildConfigurationList = D773A02E2BABF86C003B416D /* Build configuration list for PBXNativeTarget "widgetExtension" */;
			buildPhases = (
				D773A0132BABF86B003B416D /* Sources */,
				D773A0142BABF86B003B416D /* Frameworks */,
				D773A0152BABF86B003B416D /* Resources */,
			);
			buildRules = (
			);
			dependencies = (
			);
			name = widgetExtension;
			productName = widgetExtension;
			productReference = D773A0172BABF86B003B416D /* widgetExtension.appex */;
			productType = "com.apple.product-type.app-extension";
		};
/* End PBXNativeTarget section */

/* Begin PBXProject section */
		D72269D22BA4BD7300E152D3 /* Project object */ = {
			isa = PBXProject;
			attributes = {
				BuildIndependentTargetsInParallel = 1;
				LastSwiftUpdateCheck = 1510;
				LastUpgradeCheck = 1510;
				TargetAttributes = {
					D72269D92BA4BD7300E152D3 = {
						CreatedOnToolsVersion = 15.1;
					};
					D72269EA2BA4BD7400E152D3 = {
						CreatedOnToolsVersion = 15.1;
						TestTargetID = D72269D92BA4BD7300E152D3;
					};
					D72269F42BA4BD7400E152D3 = {
						CreatedOnToolsVersion = 15.1;
						TestTargetID = D72269D92BA4BD7300E152D3;
					};
					D773A0162BABF86B003B416D = {
						CreatedOnToolsVersion = 15.1;
					};
				};
			};
			buildConfigurationList = D72269D52BA4BD7300E152D3 /* Build configuration list for PBXProject "wat spring" */;
			compatibilityVersion = "Xcode 14.0";
			developmentRegion = "zh-Hans";
			hasScannedForEncodings = 0;
			knownRegions = (
				en,
				Base,
				"zh-Hans",
			);
			mainGroup = D72269D12BA4BD7300E152D3;
			productRefGroup = D72269DB2BA4BD7300E152D3 /* Products */;
			projectDirPath = "";
			projectRoot = "";
			targets = (
				D72269D92BA4BD7300E152D3 /* wat spring */,
				D72269EA2BA4BD7400E152D3 /* wat springTests */,
				D72269F42BA4BD7400E152D3 /* wat springUITests */,
				D773A0162BABF86B003B416D /* widgetExtension */,
			);
		};
/* End PBXProject section */

/* Begin PBXResourcesBuildPhase section */
		D72269D82BA4BD7300E152D3 /* Resources */ = {
			isa = PBXResourcesBuildPhase;
			buildActionMask = 2147483647;
			files = (
				D72269E52BA4BD7400E152D3 /* Preview Assets.xcassets in Resources */,
				D72269E22BA4BD7400E152D3 /* Assets.xcassets in Resources */,
			);
			runOnlyForDeploymentPostprocessing = 0;
		};
		D72269E92BA4BD7400E152D3 /* Resources */ = {
			isa = PBXResourcesBuildPhase;
			buildActionMask = 2147483647;
			files = (
			);
			runOnlyForDeploymentPostprocessing = 0;
		};
		D72269F32BA4BD7400E152D3 /* Resources */ = {
			isa = PBXResourcesBuildPhase;
			buildActionMask = 2147483647;
			files = (
			);
			runOnlyForDeploymentPostprocessing = 0;
		};
		D773A0152BABF86B003B416D /* Resources */ = {
			isa = PBXResourcesBuildPhase;
			buildActionMask = 2147483647;
			files = (
				D773A0252BABF86C003B416D /* Assets.xcassets in Resources */,
			);
			runOnlyForDeploymentPostprocessing = 0;
		};
/* End PBXResourcesBuildPhase section */

/* Begin PBXSourcesBuildPhase section */
		D72269D62BA4BD7300E152D3 /* Sources */ = {
			isa = PBXSourcesBuildPhase;
			buildActionMask = 2147483647;
			files = (
				D79838892BA4FDE3005C7F9C /* AppDelegate.swift in Sources */,
				D72269DE2BA4BD7300E152D3 /* wat_springApp.swift in Sources */,
				D7560E2B2BABFE94000C5302 /* ContentView.swift in Sources */,
			);
			runOnlyForDeploymentPostprocessing = 0;
		};
		D72269E72BA4BD7400E152D3 /* Sources */ = {
			isa = PBXSourcesBuildPhase;
			buildActionMask = 2147483647;
			files = (
				D72269F02BA4BD7400E152D3 /* wat_springTests.swift in Sources */,
			);
			runOnlyForDeploymentPostprocessing = 0;
		};
		D72269F12BA4BD7400E152D3 /* Sources */ = {
			isa = PBXSourcesBuildPhase;
			buildActionMask = 2147483647;
			files = (
				D72269FC2BA4BD7400E152D3 /* wat_springUITestsLaunchTests.swift in Sources */,
				D72269FA2BA4BD7400E152D3 /* wat_springUITests.swift in Sources */,
			);
			runOnlyForDeploymentPostprocessing = 0;
		};
		D773A0132BABF86B003B416D /* Sources */ = {
			isa = PBXSourcesBuildPhase;
			buildActionMask = 2147483647;
			files = (
				D773A02F2BABFB13003B416D /* widget.swift in Sources */,
				D773A01F2BABF86B003B416D /* widgetBundle.swift in Sources */,
				D773A0232BABF86B003B416D /* AppIntent.swift in Sources */,
			);
			runOnlyForDeploymentPostprocessing = 0;
		};
/* End PBXSourcesBuildPhase section */

/* Begin PBXTargetDependency section */
		D72269ED2BA4BD7400E152D3 /* PBXTargetDependency */ = {
			isa = PBXTargetDependency;
			target = D72269D92BA4BD7300E152D3 /* wat spring */;
			targetProxy = D72269EC2BA4BD7400E152D3 /* PBXContainerItemProxy */;
		};
		D72269F72BA4BD7400E152D3 /* PBXTargetDependency */ = {
			isa = PBXTargetDependency;
			target = D72269D92BA4BD7300E152D3 /* wat spring */;
			targetProxy = D72269F62BA4BD7400E152D3 /* PBXContainerItemProxy */;
		};
		D773A0292BABF86C003B416D /* PBXTargetDependency */ = {
			isa = PBXTargetDependency;
			target = D773A0162BABF86B003B416D /* widgetExtension */;
			targetProxy = D773A0282BABF86C003B416D /* PBXContainerItemProxy */;
		};
/* End PBXTargetDependency section */

/* Begin XCBuildConfiguration section */
		D72269FD2BA4BD7400E152D3 /* Debug */ = {
			isa = XCBuildConfiguration;
			buildSettings = {
				ALWAYS_SEARCH_USER_PATHS = NO;
				ASSETCATALOG_COMPILER_GENERATE_SWIFT_ASSET_SYMBOL_EXTENSIONS = YES;
				CLANG_ANALYZER_NONNULL = YES;
				CLANG_ANALYZER_NUMBER_OBJECT_CONVERSION = YES_AGGRESSIVE;
				CLANG_CXX_LANGUAGE_STANDARD = "gnu++20";
				CLANG_ENABLE_MODULES = YES;
				CLANG_ENABLE_OBJC_ARC = YES;
				CLANG_ENABLE_OBJC_WEAK = YES;
				CLANG_WARN_BLOCK_CAPTURE_AUTORELEASING = YES;
				CLANG_WARN_BOOL_CONVERSION = YES;
				CLANG_WARN_COMMA = YES;
				CLANG_WARN_CONSTANT_CONVERSION = YES;
				CLANG_WARN_DEPRECATED_OBJC_IMPLEMENTATIONS = YES;
				CLANG_WARN_DIRECT_OBJC_ISA_USAGE = YES_ERROR;
				CLANG_WARN_DOCUMENTATION_COMMENTS = YES;
				CLANG_WARN_EMPTY_BODY = YES;
				CLANG_WARN_ENUM_CONVERSION = YES;
				CLANG_WARN_INFINITE_RECURSION = YES;
				CLANG_WARN_INT_CONVERSION = YES;
				CLANG_WARN_NON_LITERAL_NULL_CONVERSION = YES;
				CLANG_WARN_OBJC_IMPLICIT_RETAIN_SELF = YES;
				CLANG_WARN_OBJC_LITERAL_CONVERSION = YES;
				CLANG_WARN_OBJC_ROOT_CLASS = YES_ERROR;
				CLANG_WARN_QUOTED_INCLUDE_IN_FRAMEWORK_HEADER = YES;
				CLANG_WARN_RANGE_LOOP_ANALYSIS = YES;
				CLANG_WARN_STRICT_PROTOTYPES = YES;
				CLANG_WARN_SUSPICIOUS_MOVE = YES;
				CLANG_WARN_UNGUARDED_AVAILABILITY = YES_AGGRESSIVE;
				CLANG_WARN_UNREACHABLE_CODE = YES;
				CLANG_WARN__DUPLICATE_METHOD_MATCH = YES;
				COPY_PHASE_STRIP = NO;
				DEBUG_INFORMATION_FORMAT = dwarf;
				ENABLE_STRICT_OBJC_MSGSEND = YES;
				ENABLE_TESTABILITY = YES;
				ENABLE_USER_SCRIPT_SANDBOXING = NO;
				ENABLE_USER_SELECTED_FILES = readonly;
				GCC_C_LANGUAGE_STANDARD = gnu17;
				GCC_DYNAMIC_NO_PIC = NO;
				GCC_NO_COMMON_BLOCKS = YES;
				GCC_OPTIMIZATION_LEVEL = 0;
				GCC_PREPROCESSOR_DEFINITIONS = (
					"DEBUG=1",
					"$(inherited)",
				);
				GCC_WARN_64_TO_32_BIT_CONVERSION = YES;
				GCC_WARN_ABOUT_RETURN_TYPE = YES_ERROR;
				GCC_WARN_UNDECLARED_SELECTOR = YES;
				GCC_WARN_UNINITIALIZED_AUTOS = YES_AGGRESSIVE;
				GCC_WARN_UNUSED_FUNCTION = YES;
				GCC_WARN_UNUSED_VARIABLE = YES;
				LOCALIZATION_PREFERS_STRING_CATALOGS = YES;
				MACOSX_DEPLOYMENT_TARGET = 14.1;
				MTL_ENABLE_DEBUG_INFO = INCLUDE_SOURCE;
				MTL_FAST_MATH = YES;
				ONLY_ACTIVE_ARCH = YES;
				SDKROOT = macosx;
				SWIFT_ACTIVE_COMPILATION_CONDITIONS = "DEBUG $(inherited)";
				SWIFT_OPTIMIZATION_LEVEL = "-Onone";
			};
			name = Debug;
		};
		D72269FE2BA4BD7400E152D3 /* Release */ = {
			isa = XCBuildConfiguration;
			buildSettings = {
				ALWAYS_SEARCH_USER_PATHS = NO;
				ASSETCATALOG_COMPILER_GENERATE_SWIFT_ASSET_SYMBOL_EXTENSIONS = YES;
				CLANG_ANALYZER_NONNULL = YES;
				CLANG_ANALYZER_NUMBER_OBJECT_CONVERSION = YES_AGGRESSIVE;
				CLANG_CXX_LANGUAGE_STANDARD = "gnu++20";
				CLANG_ENABLE_MODULES = YES;
				CLANG_ENABLE_OBJC_ARC = YES;
				CLANG_ENABLE_OBJC_WEAK = YES;
				CLANG_WARN_BLOCK_CAPTURE_AUTORELEASING = YES;
				CLANG_WARN_BOOL_CONVERSION = YES;
				CLANG_WARN_COMMA = YES;
				CLANG_WARN_CONSTANT_CONVERSION = YES;
				CLANG_WARN_DEPRECATED_OBJC_IMPLEMENTATIONS = YES;
				CLANG_WARN_DIRECT_OBJC_ISA_USAGE = YES_ERROR;
				CLANG_WARN_DOCUMENTATION_COMMENTS = YES;
				CLANG_WARN_EMPTY_BODY = YES;
				CLANG_WARN_ENUM_CONVERSION = YES;
				CLANG_WARN_INFINITE_RECURSION = YES;
				CLANG_WARN_INT_CONVERSION = YES;
				CLANG_WARN_NON_LITERAL_NULL_CONVERSION = YES;
				CLANG_WARN_OBJC_IMPLICIT_RETAIN_SELF = YES;
				CLANG_WARN_OBJC_LITERAL_CONVERSION = YES;
				CLANG_WARN_OBJC_ROOT_CLASS = YES_ERROR;
				CLANG_WARN_QUOTED_INCLUDE_IN_FRAMEWORK_HEADER = YES;
				CLANG_WARN_RANGE_LOOP_ANALYSIS = YES;
				CLANG_WARN_STRICT_PROTOTYPES = YES;
				CLANG_WARN_SUSPICIOUS_MOVE = YES;
				CLANG_WARN_UNGUARDED_AVAILABILITY = YES_AGGRESSIVE;
				CLANG_WARN_UNREACHABLE_CODE = YES;
				CLANG_WARN__DUPLICATE_METHOD_MATCH = YES;
				COPY_PHASE_STRIP = NO;
				DEBUG_INFORMATION_FORMAT = "dwarf-with-dsym";
				ENABLE_NS_ASSERTIONS = NO;
				ENABLE_STRICT_OBJC_MSGSEND = YES;
				ENABLE_USER_SCRIPT_SANDBOXING = NO;
				ENABLE_USER_SELECTED_FILES = readonly;
				GCC_C_LANGUAGE_STANDARD = gnu17;
				GCC_NO_COMMON_BLOCKS = YES;
				GCC_WARN_64_TO_32_BIT_CONVERSION = YES;
				GCC_WARN_ABOUT_RETURN_TYPE = YES_ERROR;
				GCC_WARN_UNDECLARED_SELECTOR = YES;
				GCC_WARN_UNINITIALIZED_AUTOS = YES_AGGRESSIVE;
				GCC_WARN_UNUSED_FUNCTION = YES;
				GCC_WARN_UNUSED_VARIABLE = YES;
				LOCALIZATION_PREFERS_STRING_CATALOGS = YES;
				MACOSX_DEPLOYMENT_TARGET = 14.1;
				MTL_ENABLE_DEBUG_INFO = NO;
				MTL_FAST_MATH = YES;
				ONLY_ACTIVE_ARCH = NO;
				SDKROOT = macosx;
				SWIFT_COMPILATION_MODE = wholemodule;
			};
			name = Release;
		};
		D7226A002BA4BD7400E152D3 /* Debug */ = {
			isa = XCBuildConfiguration;
			buildSettings = {
				ALWAYS_EMBED_SWIFT_STANDARD_LIBRARIES = YES;
				ASSETCATALOG_COMPILER_APPICON_NAME = AppIcon;
				ASSETCATALOG_COMPILER_GLOBAL_ACCENT_COLOR_NAME = AccentColor;
				CODE_SIGN_ENTITLEMENTS = "wat spring/wat_spring.entitlements";
				CODE_SIGN_IDENTITY = "Apple Development";
				CODE_SIGN_INJECT_BASE_ENTITLEMENTS = YES;
				CODE_SIGN_STYLE = Automatic;
				COMBINE_HIDPI_IMAGES = YES;
				CURRENT_PROJECT_VERSION = 1;
				DEVELOPMENT_ASSET_PATHS = "\"wat spring/Preview Content\"";
				DEVELOPMENT_TEAM = 3VCK2NTDAR;
				ENABLE_PREVIEWS = YES;
				GENERATE_INFOPLIST_FILE = YES;
				INFOPLIST_KEY_NSHumanReadableCopyright = "";
				LD_RUNPATH_SEARCH_PATHS = (
					"$(inherited)",
					"@executable_path/../Frameworks",
				);
				MARKETING_VERSION = 1.0;
				PRODUCT_BUNDLE_IDENTIFIER = "no.wat-spring";
				PRODUCT_NAME = "$(TARGET_NAME)";
				PROVISIONING_PROFILE_SPECIFIER = "";
				SWIFT_EMIT_LOC_STRINGS = YES;
				SWIFT_VERSION = 5.0;
			};
			name = Debug;
		};
		D7226A012BA4BD7400E152D3 /* Release */ = {
			isa = XCBuildConfiguration;
			buildSettings = {
				ALWAYS_EMBED_SWIFT_STANDARD_LIBRARIES = YES;
				ASSETCATALOG_COMPILER_APPICON_NAME = AppIcon;
				ASSETCATALOG_COMPILER_GLOBAL_ACCENT_COLOR_NAME = AccentColor;
				CODE_SIGN_ENTITLEMENTS = "wat spring/wat_spring.entitlements";
				CODE_SIGN_IDENTITY = "Apple Development";
				CODE_SIGN_INJECT_BASE_ENTITLEMENTS = YES;
				CODE_SIGN_STYLE = Automatic;
				COMBINE_HIDPI_IMAGES = YES;
				CURRENT_PROJECT_VERSION = 1;
				DEVELOPMENT_ASSET_PATHS = "\"wat spring/Preview Content\"";
				DEVELOPMENT_TEAM = 3VCK2NTDAR;
				ENABLE_PREVIEWS = YES;
				GENERATE_INFOPLIST_FILE = YES;
				INFOPLIST_KEY_NSHumanReadableCopyright = "";
				LD_RUNPATH_SEARCH_PATHS = (
					"$(inherited)",
					"@executable_path/../Frameworks",
				);
				MARKETING_VERSION = 1.0;
				PRODUCT_BUNDLE_IDENTIFIER = "no.wat-spring";
				PRODUCT_NAME = "$(TARGET_NAME)";
				PROVISIONING_PROFILE_SPECIFIER = "";
				SWIFT_EMIT_LOC_STRINGS = YES;
				SWIFT_VERSION = 5.0;
			};
			name = Release;
		};
		D7226A032BA4BD7400E152D3 /* Debug */ = {
			isa = XCBuildConfiguration;
			buildSettings = {
				ALWAYS_EMBED_SWIFT_STANDARD_LIBRARIES = YES;
				BUNDLE_LOADER = "$(TEST_HOST)";
				"CODE_SIGN_IDENTITY[sdk=macosx*]" = "Apple Development";
				CODE_SIGN_STYLE = Automatic;
				CURRENT_PROJECT_VERSION = 1;
				DEVELOPMENT_TEAM = 3VCK2NTDAR;
				GENERATE_INFOPLIST_FILE = YES;
				MACOSX_DEPLOYMENT_TARGET = 14.1;
				MARKETING_VERSION = 1.0;
				PRODUCT_BUNDLE_IDENTIFIER = "no.wat-springTests";
				PRODUCT_NAME = "$(TARGET_NAME)";
				SWIFT_EMIT_LOC_STRINGS = NO;
				SWIFT_VERSION = 5.0;
				TEST_HOST = "$(BUILT_PRODUCTS_DIR)/wat spring.app/$(BUNDLE_EXECUTABLE_FOLDER_PATH)/wat spring";
			};
			name = Debug;
		};
		D7226A042BA4BD7400E152D3 /* Release */ = {
			isa = XCBuildConfiguration;
			buildSettings = {
				ALWAYS_EMBED_SWIFT_STANDARD_LIBRARIES = YES;
				BUNDLE_LOADER = "$(TEST_HOST)";
				"CODE_SIGN_IDENTITY[sdk=macosx*]" = "Apple Development";
				CODE_SIGN_STYLE = Automatic;
				CURRENT_PROJECT_VERSION = 1;
				DEVELOPMENT_TEAM = 3VCK2NTDAR;
				GENERATE_INFOPLIST_FILE = YES;
				MACOSX_DEPLOYMENT_TARGET = 14.1;
				MARKETING_VERSION = 1.0;
				PRODUCT_BUNDLE_IDENTIFIER = "no.wat-springTests";
				PRODUCT_NAME = "$(TARGET_NAME)";
				SWIFT_EMIT_LOC_STRINGS = NO;
				SWIFT_VERSION = 5.0;
				TEST_HOST = "$(BUILT_PRODUCTS_DIR)/wat spring.app/$(BUNDLE_EXECUTABLE_FOLDER_PATH)/wat spring";
			};
			name = Release;
		};
		D7226A062BA4BD7400E152D3 /* Debug */ = {
			isa = XCBuildConfiguration;
			buildSettings = {
				ALWAYS_EMBED_SWIFT_STANDARD_LIBRARIES = YES;
				"CODE_SIGN_IDENTITY[sdk=macosx*]" = "Apple Development";
				CODE_SIGN_STYLE = Automatic;
				CURRENT_PROJECT_VERSION = 1;
				DEVELOPMENT_TEAM = 3VCK2NTDAR;
				GENERATE_INFOPLIST_FILE = YES;
				MARKETING_VERSION = 1.0;
				PRODUCT_BUNDLE_IDENTIFIER = "no.wat-springUITests";
				PRODUCT_NAME = "$(TARGET_NAME)";
				SWIFT_EMIT_LOC_STRINGS = NO;
				SWIFT_VERSION = 5.0;
				TEST_TARGET_NAME = "wat spring";
			};
			name = Debug;
		};
		D7226A072BA4BD7400E152D3 /* Release */ = {
			isa = XCBuildConfiguration;
			buildSettings = {
				ALWAYS_EMBED_SWIFT_STANDARD_LIBRARIES = YES;
				"CODE_SIGN_IDENTITY[sdk=macosx*]" = "Apple Development";
				CODE_SIGN_STYLE = Automatic;
				CURRENT_PROJECT_VERSION = 1;
				DEVELOPMENT_TEAM = 3VCK2NTDAR;
				GENERATE_INFOPLIST_FILE = YES;
				MARKETING_VERSION = 1.0;
				PRODUCT_BUNDLE_IDENTIFIER = "no.wat-springUITests";
				PRODUCT_NAME = "$(TARGET_NAME)";
				SWIFT_EMIT_LOC_STRINGS = NO;
				SWIFT_VERSION = 5.0;
				TEST_TARGET_NAME = "wat spring";
			};
			name = Release;
		};
		D773A02C2BABF86C003B416D /* Debug */ = {
			isa = XCBuildConfiguration;
			buildSettings = {
				ASSETCATALOG_COMPILER_GLOBAL_ACCENT_COLOR_NAME = AccentColor;
				ASSETCATALOG_COMPILER_WIDGET_BACKGROUND_COLOR_NAME = WidgetBackground;
				CODE_SIGN_ENTITLEMENTS = widget/widget.entitlements;
				"CODE_SIGN_IDENTITY[sdk=macosx*]" = "Apple Development";
				CODE_SIGN_STYLE = Automatic;
				CURRENT_PROJECT_VERSION = 1;
				DEVELOPMENT_TEAM = 3VCK2NTDAR;
				ENABLE_USER_SCRIPT_SANDBOXING = YES;
				GENERATE_INFOPLIST_FILE = YES;
				INFOPLIST_FILE = widget/Info.plist;
				INFOPLIST_KEY_CFBundleDisplayName = widget;
				INFOPLIST_KEY_NSHumanReadableCopyright = "";
				LD_RUNPATH_SEARCH_PATHS = (
					"$(inherited)",
					"@executable_path/../Frameworks",
					"@executable_path/../../../../Frameworks",
				);
				MACOSX_DEPLOYMENT_TARGET = 14.0;
				MARKETING_VERSION = 1.0;
				PRODUCT_BUNDLE_IDENTIFIER = "no.wat-spring.widget";
				PRODUCT_NAME = "$(TARGET_NAME)";
				SKIP_INSTALL = YES;
				SWIFT_EMIT_LOC_STRINGS = YES;
				SWIFT_VERSION = 5.0;
			};
			name = Debug;
		};
		D773A02D2BABF86C003B416D /* Release */ = {
			isa = XCBuildConfiguration;
			buildSettings = {
				ASSETCATALOG_COMPILER_GLOBAL_ACCENT_COLOR_NAME = AccentColor;
				ASSETCATALOG_COMPILER_WIDGET_BACKGROUND_COLOR_NAME = WidgetBackground;
				CODE_SIGN_ENTITLEMENTS = widget/widget.entitlements;
				"CODE_SIGN_IDENTITY[sdk=macosx*]" = "Apple Development";
				CODE_SIGN_STYLE = Automatic;
				CURRENT_PROJECT_VERSION = 1;
				DEVELOPMENT_TEAM = 3VCK2NTDAR;
				ENABLE_USER_SCRIPT_SANDBOXING = YES;
				GENERATE_INFOPLIST_FILE = YES;
				INFOPLIST_FILE = widget/Info.plist;
				INFOPLIST_KEY_CFBundleDisplayName = widget;
				INFOPLIST_KEY_NSHumanReadableCopyright = "";
				LD_RUNPATH_SEARCH_PATHS = (
					"$(inherited)",
					"@executable_path/../Frameworks",
					"@executable_path/../../../../Frameworks",
				);
				MACOSX_DEPLOYMENT_TARGET = 14.0;
				MARKETING_VERSION = 1.0;
				ONLY_ACTIVE_ARCH = NO;
				PRODUCT_BUNDLE_IDENTIFIER = "no.wat-spring.widget";
				PRODUCT_NAME = "$(TARGET_NAME)";
				SKIP_INSTALL = YES;
				SWIFT_EMIT_LOC_STRINGS = YES;
				SWIFT_VERSION = 5.0;
			};
			name = Release;
		};
/* End XCBuildConfiguration section */

/* Begin XCConfigurationList section */
		D72269D52BA4BD7300E152D3 /* Build configuration list for PBXProject "wat spring" */ = {
			isa = XCConfigurationList;
			buildConfigurations = (
				D72269FD2BA4BD7400E152D3 /* Debug */,
				D72269FE2BA4BD7400E152D3 /* Release */,
			);
			defaultConfigurationIsVisible = 0;
			defaultConfigurationName = Release;
		};
		D72269FF2BA4BD7400E152D3 /* Build configuration list for PBXNativeTarget "wat spring" */ = {
			isa = XCConfigurationList;
			buildConfigurations = (
				D7226A002BA4BD7400E152D3 /* Debug */,
				D7226A012BA4BD7400E152D3 /* Release */,
			);
			defaultConfigurationIsVisible = 0;
			defaultConfigurationName = Release;
		};
		D7226A022BA4BD7400E152D3 /* Build configuration list for PBXNativeTarget "wat springTests" */ = {
			isa = XCConfigurationList;
			buildConfigurations = (
				D7226A032BA4BD7400E152D3 /* Debug */,
				D7226A042BA4BD7400E152D3 /* Release */,
			);
			defaultConfigurationIsVisible = 0;
			defaultConfigurationName = Release;
		};
		D7226A052BA4BD7400E152D3 /* Build configuration list for PBXNativeTarget "wat springUITests" */ = {
			isa = XCConfigurationList;
			buildConfigurations = (
				D7226A062BA4BD7400E152D3 /* Debug */,
				D7226A072BA4BD7400E152D3 /* Release */,
			);
			defaultConfigurationIsVisible = 0;
			defaultConfigurationName = Release;
		};
		D773A02E2BABF86C003B416D /* Build configuration list for PBXNativeTarget "widgetExtension" */ = {
			isa = XCConfigurationList;
			buildConfigurations = (
				D773A02C2BABF86C003B416D /* Debug */,
				D773A02D2BABF86C003B416D /* Release */,
			);
			defaultConfigurationIsVisible = 0;
			defaultConfigurationName = Release;
		};
/* End XCConfigurationList section */
	};
	rootObject = D72269D22BA4BD7300E152D3 /* Project object */;
}
